
Microsoft Visual Studio Solution File, Format Version 12.00
# Visual Studio Version 16
VisualStudioVersion = 16.0.31005.135
MinimumVisualStudioVersion = 10.0.40219.1
Project("{FAE04EC0-301F-11D3-BF4B-00C04F79EFBC}") = "Sum 1", "Sum 1\Sum 1.csproj", "{0B7FDA10-914B-430C-B255-3FF901BDED5E}"
EndProject
Global
	GlobalSection(SolutionConfigurationPlatforms) = preSolution
		Debug|Any CPU = Debug|Any CPU
		Release|Any CPU = Release|Any CPU
	EndGlobalSection
	GlobalSection(ProjectConfigurationPlatforms) = postSolution
		{0B7FDA10-914B-430C-B255-3FF901BDED5E}.Debug|Any CPU.ActiveCfg = Debug|Any CPU
		{0B7FDA10-914B-430C-B255-3FF901BDED5E}.Debug|Any CPU.Build.0 = Debug|Any CPU
		{0B7FDA10-914B-430C-B255-3FF901BDED5E}.Release|Any CPU.ActiveCfg = Release|Any CPU
		{0B7FDA10-914B-430C-B255-3FF901BDED5E}.Release|Any CPU.Build.0 = Release|Any CPU
	EndGlobalSection
	GlobalSection(SolutionProperties) = preSolution
		HideSolutionNode = FALSE
	EndGlobalSection
	GlobalSection(ExtensibilityGlobals) = postSolution
		SolutionGuid = {DDE9B3B4-2A31-4F06-93E9-E94E6FAF1A75}
	EndGlobalSection
EndGlobal
